{"filter":false,"title":"Gemfile.lock","tooltip":"/Rubytest/hello/Gemfile.lock","undoManager":{"mark":-1,"position":-1,"stack":[]},"ace":{"folds":[],"scrolltop":375,"scrollleft":0,"selection":{"start":{"row":0,"column":0},"end":{"row":0,"column":0},"isBackwards":false},"options":{"guessTabSize":true,"useWrapMode":false,"wrapToView":true},"firstLineState":{"row":25,"state":"start","mode":"ace/mode/text"}},"timestamp":1525525009128,"hash":"4b98a1b7947d06c352ac94c4271a2424725beb3d"}